
Microsoft Visual Studio Solution File, Format Version 12.00
# Visual Studio 15
VisualStudioVersion = 15.0.27428.2043
MinimumVisualStudioVersion = 10.0.40219.1
Project("{F184B08F-C81C-45F6-A57F-5ABD9991F28F}") = "BR_FuzzyMatch", "BR_FuzzyMatch.vbproj", "{B656C31C-BE8B-4043-83C0-28CDD071F5E5}"
EndProject
Global
	GlobalSection(SolutionConfigurationPlatforms) = preSolution
		Debug|x86 = Debug|x86
		Release|x86 = Release|x86
	EndGlobalSection
	GlobalSection(ProjectConfigurationPlatforms) = postSolution
		{B656C31C-BE8B-4043-83C0-28CDD071F5E5}.Debug|x86.ActiveCfg = Debug|x86
		{B656C31C-BE8B-4043-83C0-28CDD071F5E5}.Debug|x86.Build.0 = Debug|x86
		{B656C31C-BE8B-4043-83C0-28CDD071F5E5}.Release|x86.ActiveCfg = Release|x86
		{B656C31C-BE8B-4043-83C0-28CDD071F5E5}.Release|x86.Build.0 = Release|x86
	EndGlobalSection
	GlobalSection(SolutionProperties) = preSolution
		HideSolutionNode = FALSE
	EndGlobalSection
	GlobalSection(ExtensibilityGlobals) = postSolution
		SolutionGuid = {9CE4B34D-C26A-4887-9E6A-A96C2F71805B}
	EndGlobalSection
EndGlobal
